
Microsoft Visual Studio Solution File, Format Version 12.00
# Visual Studio 15
VisualStudioVersion = 15.0.28010.2046
MinimumVisualStudioVersion = 10.0.40219.1
Project("{FAE04EC0-301F-11D3-BF4B-00C04F79EFBC}") = "AdventOfCode2018", "AdventOfCode2018\AdventOfCode2018.csproj", "{D826CD15-EEB4-4D70-812C-3E329C61E923}"
EndProject
Project("{FAE04EC0-301F-11D3-BF4B-00C04F79EFBC}") = "AdventOfCode2018.Tests", "AdventOfCode2018.Tests\AdventOfCode2018.Tests.csproj", "{F3669295-4C97-46BA-A6A7-D1CF0472D9A7}"
EndProject
Project("{FAE04EC0-301F-11D3-BF4B-00C04F79EFBC}") = "AdventOfCode2018.App", "AdventOfCode2018.App\AdventOfCode2018.App.csproj", "{35A006F1-3CA7-4952-AAFB-C896D6C1F3C0}"
EndProject
Global
	GlobalSection(SolutionConfigurationPlatforms) = preSolution
		Debug|Any CPU = Debug|Any CPU
		Release|Any CPU = Release|Any CPU
	EndGlobalSection
	GlobalSection(ProjectConfigurationPlatforms) = postSolution
		{D826CD15-EEB4-4D70-812C-3E329C61E923}.Debug|Any CPU.ActiveCfg = Debug|Any CPU
		{D826CD15-EEB4-4D70-812C-3E329C61E923}.Debug|Any CPU.Build.0 = Debug|Any CPU
		{D826CD15-EEB4-4D70-812C-3E329C61E923}.Release|Any CPU.ActiveCfg = Release|Any CPU
		{D826CD15-EEB4-4D70-812C-3E329C61E923}.Release|Any CPU.Build.0 = Release|Any CPU
		{F3669295-4C97-46BA-A6A7-D1CF0472D9A7}.Debug|Any CPU.ActiveCfg = Debug|Any CPU
		{F3669295-4C97-46BA-A6A7-D1CF0472D9A7}.Debug|Any CPU.Build.0 = Debug|Any CPU
		{F3669295-4C97-46BA-A6A7-D1CF0472D9A7}.Release|Any CPU.ActiveCfg = Release|Any CPU
		{F3669295-4C97-46BA-A6A7-D1CF0472D9A7}.Release|Any CPU.Build.0 = Release|Any CPU
		{35A006F1-3CA7-4952-AAFB-C896D6C1F3C0}.Debug|Any CPU.ActiveCfg = Debug|Any CPU
		{35A006F1-3CA7-4952-AAFB-C896D6C1F3C0}.Debug|Any CPU.Build.0 = Debug|Any CPU
		{35A006F1-3CA7-4952-AAFB-C896D6C1F3C0}.Release|Any CPU.ActiveCfg = Release|Any CPU
		{35A006F1-3CA7-4952-AAFB-C896D6C1F3C0}.Release|Any CPU.Build.0 = Release|Any CPU
	EndGlobalSection
	GlobalSection(SolutionProperties) = preSolution
		HideSolutionNode = FALSE
	EndGlobalSection
	GlobalSection(ExtensibilityGlobals) = postSolution
		SolutionGuid = {0555851C-F72E-4B5F-B45A-F5F74E4E18F9}
	EndGlobalSection
EndGlobal
